// !$*UTF8*$!
{
	archiveVersion = 1;
	classes = {
	};
	objectVersion = 56;
	objects = {

/* Begin PBXBuildFile section */
		C40D262B2BFE8A150001944A /* PlayersTableViewCell.swift in Sources */ = {isa = PBXBuildFile; fileRef = C40D26292BFE8A150001944A /* PlayersTableViewCell.swift */; };
		C40D262C2BFE8A150001944A /* PlayersTableViewCell.xib in Resources */ = {isa = PBXBuildFile; fileRef = C40D262A2BFE8A150001944A /* PlayersTableViewCell.xib */; };
		C4171F3F2BF8CAC000313062 /* AppDelegate.swift in Sources */ = {isa = PBXBuildFile; fileRef = C4171F3E2BF8CAC000313062 /* AppDelegate.swift */; };
		C4171F412BF8CAC000313062 /* SceneDelegate.swift in Sources */ = {isa = PBXBuildFile; fileRef = C4171F402BF8CAC000313062 /* SceneDelegate.swift */; };
		C4171F432BF8CAC000313062 /* ViewController.swift in Sources */ = {isa = PBXBuildFile; fileRef = C4171F422BF8CAC000313062 /* ViewController.swift */; };
		C4171F462BF8CAC000313062 /* Main.storyboard in Resources */ = {isa = PBXBuildFile; fileRef = C4171F442BF8CAC000313062 /* Main.storyboard */; };
		C4171F492BF8CAC000313062 /* SportsApp.xcdatamodeld in Sources */ = {isa = PBXBuildFile; fileRef = C4171F472BF8CAC000313062 /* SportsApp.xcdatamodeld */; };
		C4171F4B2BF8CAC100313062 /* Assets.xcassets in Resources */ = {isa = PBXBuildFile; fileRef = C4171F4A2BF8CAC100313062 /* Assets.xcassets */; };
		C4171F4E2BF8CAC100313062 /* LaunchScreen.storyboard in Resources */ = {isa = PBXBuildFile; fileRef = C4171F4C2BF8CAC100313062 /* LaunchScreen.storyboard */; };
		C4171F592BF8CAC100313062 /* SportsAppTests.swift in Sources */ = {isa = PBXBuildFile; fileRef = C4171F582BF8CAC100313062 /* SportsAppTests.swift */; };
		C4171F632BF8CAC200313062 /* SportsAppUITests.swift in Sources */ = {isa = PBXBuildFile; fileRef = C4171F622BF8CAC200313062 /* SportsAppUITests.swift */; };
		C4171F652BF8CAC200313062 /* SportsAppUITestsLaunchTests.swift in Sources */ = {isa = PBXBuildFile; fileRef = C4171F642BF8CAC200313062 /* SportsAppUITestsLaunchTests.swift */; };
		C4171F732BF8CAEB00313062 /* SDWebImage in Frameworks */ = {isa = PBXBuildFile; productRef = C4171F722BF8CAEB00313062 /* SDWebImage */; };
		C4171F762BF8CB0400313062 /* Reachability in Frameworks */ = {isa = PBXBuildFile; productRef = C4171F752BF8CB0400313062 /* Reachability */; };
		C4171F792BF8CB3F00313062 /* Main2.storyboard in Resources */ = {isa = PBXBuildFile; fileRef = C4171F782BF8CB3F00313062 /* Main2.storyboard */; };
		C4B052022BFE0E64006C6AAD /* TeamViewController.swift in Sources */ = {isa = PBXBuildFile; fileRef = C4B052012BFE0E64006C6AAD /* TeamViewController.swift */; };
		C4F7DF012C00D745005C52BA /* TeamDetails.swift in Sources */ = {isa = PBXBuildFile; fileRef = C4F7DF002C00D745005C52BA /* TeamDetails.swift */; };
		C4F7DF042C00DAAA005C52BA /* TeamDetailsServices.swift in Sources */ = {isa = PBXBuildFile; fileRef = C4F7DF032C00DAAA005C52BA /* TeamDetailsServices.swift */; };
		C4F7DF082C00DB3E005C52BA /* Constants.swift in Sources */ = {isa = PBXBuildFile; fileRef = C4F7DF072C00DB3E005C52BA /* Constants.swift */; };
		C4F7DF0B2C00E24A005C52BA /* TeamViewModel.swift in Sources */ = {isa = PBXBuildFile; fileRef = C4F7DF0A2C00E24A005C52BA /* TeamViewModel.swift */; };
/* End PBXBuildFile section */

/* Begin PBXContainerItemProxy section */
		C4171F552BF8CAC100313062 /* PBXContainerItemProxy */ = {
			isa = PBXContainerItemProxy;
			containerPortal = C4171F332BF8CAC000313062 /* Project object */;
			proxyType = 1;
			remoteGlobalIDString = C4171F3A2BF8CAC000313062;
			remoteInfo = SportsApp;
		};
		C4171F5F2BF8CAC200313062 /* PBXContainerItemProxy */ = {
			isa = PBXContainerItemProxy;
			containerPortal = C4171F332BF8CAC000313062 /* Project object */;
			proxyType = 1;
			remoteGlobalIDString = C4171F3A2BF8CAC000313062;
			remoteInfo = SportsApp;
		};
/* End PBXContainerItemProxy section */

/* Begin PBXFileReference section */
		C40D26292BFE8A150001944A /* PlayersTableViewCell.swift */ = {isa = PBXFileReference; lastKnownFileType = sourcecode.swift; path = PlayersTableViewCell.swift; sourceTree = "<group>"; };
		C40D262A2BFE8A150001944A /* PlayersTableViewCell.xib */ = {isa = PBXFileReference; lastKnownFileType = file.xib; path = PlayersTableViewCell.xib; sourceTree = "<group>"; };
		C4171F3B2BF8CAC000313062 /* SportsApp.app */ = {isa = PBXFileReference; explicitFileType = wrapper.application; includeInIndex = 0; path = SportsApp.app; sourceTree = BUILT_PRODUCTS_DIR; };
		C4171F3E2BF8CAC000313062 /* AppDelegate.swift */ = {isa = PBXFileReference; lastKnownFileType = sourcecode.swift; path = AppDelegate.swift; sourceTree = "<group>"; };
		C4171F402BF8CAC000313062 /* SceneDelegate.swift */ = {isa = PBXFileReference; lastKnownFileType = sourcecode.swift; path = SceneDelegate.swift; sourceTree = "<group>"; };
		C4171F422BF8CAC000313062 /* ViewController.swift */ = {isa = PBXFileReference; lastKnownFileType = sourcecode.swift; path = ViewController.swift; sourceTree = "<group>"; };
		C4171F452BF8CAC000313062 /* Base */ = {isa = PBXFileReference; lastKnownFileType = file.storyboard; name = Base; path = Base.lproj/Main.storyboard; sourceTree = "<group>"; };
		C4171F482BF8CAC000313062 /* SportsApp.xcdatamodel */ = {isa = PBXFileReference; lastKnownFileType = wrapper.xcdatamodel; path = SportsApp.xcdatamodel; sourceTree = "<group>"; };
		C4171F4A2BF8CAC100313062 /* Assets.xcassets */ = {isa = PBXFileReference; lastKnownFileType = folder.assetcatalog; path = Assets.xcassets; sourceTree = "<group>"; };
		C4171F4D2BF8CAC100313062 /* Base */ = {isa = PBXFileReference; lastKnownFileType = file.storyboard; name = Base; path = Base.lproj/LaunchScreen.storyboard; sourceTree = "<group>"; };
		C4171F4F2BF8CAC100313062 /* Info.plist */ = {isa = PBXFileReference; lastKnownFileType = text.plist.xml; path = Info.plist; sourceTree = "<group>"; };
		C4171F542BF8CAC100313062 /* SportsAppTests.xctest */ = {isa = PBXFileReference; explicitFileType = wrapper.cfbundle; includeInIndex = 0; path = SportsAppTests.xctest; sourceTree = BUILT_PRODUCTS_DIR; };
		C4171F582BF8CAC100313062 /* SportsAppTests.swift */ = {isa = PBXFileReference; lastKnownFileType = sourcecode.swift; path = SportsAppTests.swift; sourceTree = "<group>"; };
		C4171F5E2BF8CAC200313062 /* SportsAppUITests.xctest */ = {isa = PBXFileReference; explicitFileType = wrapper.cfbundle; includeInIndex = 0; path = SportsAppUITests.xctest; sourceTree = BUILT_PRODUCTS_DIR; };
		C4171F622BF8CAC200313062 /* SportsAppUITests.swift */ = {isa = PBXFileReference; lastKnownFileType = sourcecode.swift; path = SportsAppUITests.swift; sourceTree = "<group>"; };
		C4171F642BF8CAC200313062 /* SportsAppUITestsLaunchTests.swift */ = {isa = PBXFileReference; lastKnownFileType = sourcecode.swift; path = SportsAppUITestsLaunchTests.swift; sourceTree = "<group>"; };
		C4171F782BF8CB3F00313062 /* Main2.storyboard */ = {isa = PBXFileReference; lastKnownFileType = file.storyboard; path = Main2.storyboard; sourceTree = "<group>"; };
		C4B052012BFE0E64006C6AAD /* TeamViewController.swift */ = {isa = PBXFileReference; lastKnownFileType = sourcecode.swift; path = TeamViewController.swift; sourceTree = "<group>"; };
		C4F7DF002C00D745005C52BA /* TeamDetails.swift */ = {isa = PBXFileReference; lastKnownFileType = sourcecode.swift; path = TeamDetails.swift; sourceTree = "<group>"; };
		C4F7DF032C00DAAA005C52BA /* TeamDetailsServices.swift */ = {isa = PBXFileReference; lastKnownFileType = sourcecode.swift; path = TeamDetailsServices.swift; sourceTree = "<group>"; };
		C4F7DF072C00DB3E005C52BA /* Constants.swift */ = {isa = PBXFileReference; lastKnownFileType = sourcecode.swift; path = Constants.swift; sourceTree = "<group>"; };
		C4F7DF0A2C00E24A005C52BA /* TeamViewModel.swift */ = {isa = PBXFileReference; lastKnownFileType = sourcecode.swift; path = TeamViewModel.swift; sourceTree = "<group>"; };
/* End PBXFileReference section */

/* Begin PBXFrameworksBuildPhase section */
		C4171F382BF8CAC000313062 /* Frameworks */ = {
			isa = PBXFrameworksBuildPhase;
			buildActionMask = 2147483647;
			files = (
				C4171F732BF8CAEB00313062 /* SDWebImage in Frameworks */,
				C4171F762BF8CB0400313062 /* Reachability in Frameworks */,
			);
			runOnlyForDeploymentPostprocessing = 0;
		};
		C4171F512BF8CAC100313062 /* Frameworks */ = {
			isa = PBXFrameworksBuildPhase;
			buildActionMask = 2147483647;
			files = (
			);
			runOnlyForDeploymentPostprocessing = 0;
		};
		C4171F5B2BF8CAC100313062 /* Frameworks */ = {
			isa = PBXFrameworksBuildPhase;
			buildActionMask = 2147483647;
			files = (
			);
			runOnlyForDeploymentPostprocessing = 0;
		};
/* End PBXFrameworksBuildPhase section */

/* Begin PBXGroup section */
		C4171F322BF8CAC000313062 = {
			isa = PBXGroup;
			children = (
				C4171F3D2BF8CAC000313062 /* SportsApp */,
				C4171F572BF8CAC100313062 /* SportsAppTests */,
				C4171F612BF8CAC200313062 /* SportsAppUITests */,
				C4171F3C2BF8CAC000313062 /* Products */,
			);
			sourceTree = "<group>";
		};
		C4171F3C2BF8CAC000313062 /* Products */ = {
			isa = PBXGroup;
			children = (
				C4171F3B2BF8CAC000313062 /* SportsApp.app */,
				C4171F542BF8CAC100313062 /* SportsAppTests.xctest */,
				C4171F5E2BF8CAC200313062 /* SportsAppUITests.xctest */,
			);
			name = Products;
			sourceTree = "<group>";
		};
		C4171F3D2BF8CAC000313062 /* SportsApp */ = {
			isa = PBXGroup;
			children = (
				C4171F7C2BF8CB6800313062 /* modules */,
				C4171F7B2BF8CB5A00313062 /* network */,
				C4171F7A2BF8CB4C00313062 /* model */,
				C4171F772BF8CB1D00313062 /* view */,
				C4171F3E2BF8CAC000313062 /* AppDelegate.swift */,
				C4171F402BF8CAC000313062 /* SceneDelegate.swift */,
				C4171F422BF8CAC000313062 /* ViewController.swift */,
				C4171F4A2BF8CAC100313062 /* Assets.xcassets */,
				C4171F4F2BF8CAC100313062 /* Info.plist */,
				C4171F472BF8CAC000313062 /* SportsApp.xcdatamodeld */,
			);
			path = SportsApp;
			sourceTree = "<group>";
		};
		C4171F572BF8CAC100313062 /* SportsAppTests */ = {
			isa = PBXGroup;
			children = (
				C4171F582BF8CAC100313062 /* SportsAppTests.swift */,
			);
			path = SportsAppTests;
			sourceTree = "<group>";
		};
		C4171F612BF8CAC200313062 /* SportsAppUITests */ = {
			isa = PBXGroup;
			children = (
				C4171F622BF8CAC200313062 /* SportsAppUITests.swift */,
				C4171F642BF8CAC200313062 /* SportsAppUITestsLaunchTests.swift */,
			);
			path = SportsAppUITests;
			sourceTree = "<group>";
		};
		C4171F772BF8CB1D00313062 /* view */ = {
			isa = PBXGroup;
			children = (
				C4171F4C2BF8CAC100313062 /* LaunchScreen.storyboard */,
				C4171F442BF8CAC000313062 /* Main.storyboard */,
				C4171F782BF8CB3F00313062 /* Main2.storyboard */,
			);
			path = view;
			sourceTree = "<group>";
		};
		C4171F7A2BF8CB4C00313062 /* model */ = {
			isa = PBXGroup;
			children = (
			);
			path = model;
			sourceTree = "<group>";
		};
		C4171F7B2BF8CB5A00313062 /* network */ = {
			isa = PBXGroup;
			children = (
			);
			path = network;
			sourceTree = "<group>";
		};
		C4171F7C2BF8CB6800313062 /* modules */ = {
			isa = PBXGroup;
			children = (
				C4171F812BF8CC8A00313062 /* leagueDetails */,
				C4171F802BF8CB9E00313062 /* favourites */,
				C4171F7F2BF8CB8800313062 /* legue */,
				C4171F7E2BF8CB8000313062 /* home */,
				C4171F7D2BF8CB7600313062 /* details */,
			);
			path = modules;
			sourceTree = "<group>";
		};
		C4171F7D2BF8CB7600313062 /* details */ = {
			isa = PBXGroup;
			children = (
				C4F7DF092C00E229005C52BA /* viewModel */,
				C4F7DF052C00DB18005C52BA /* util */,
				C4F7DF022C00DA87005C52BA /* Services */,
				C4F7DEFF2C00D733005C52BA /* models */,
				C4B1E8382BFD102D0071D9EA /* view */,
			);
			path = details;
			sourceTree = "<group>";
		};
		C4171F7E2BF8CB8000313062 /* home */ = {
			isa = PBXGroup;
			children = (
			);
			path = home;
			sourceTree = "<group>";
		};
		C4171F7F2BF8CB8800313062 /* legue */ = {
			isa = PBXGroup;
			children = (
			);
			path = legue;
			sourceTree = "<group>";
		};
		C4171F802BF8CB9E00313062 /* favourites */ = {
			isa = PBXGroup;
			children = (
			);
			path = favourites;
			sourceTree = "<group>";
		};
		C4171F812BF8CC8A00313062 /* leagueDetails */ = {
			isa = PBXGroup;
			children = (
			);
			path = leagueDetails;
			sourceTree = "<group>";
		};
		C4B052002BFE0E3C006C6AAD /* view1 */ = {
			isa = PBXGroup;
			children = (
				C4B052012BFE0E64006C6AAD /* TeamViewController.swift */,
				C40D26292BFE8A150001944A /* PlayersTableViewCell.swift */,
				C40D262A2BFE8A150001944A /* PlayersTableViewCell.xib */,
			);
			name = view1;
			sourceTree = "<group>";
		};
		C4B1E8382BFD102D0071D9EA /* view */ = {
			isa = PBXGroup;
			children = (
				C4B052002BFE0E3C006C6AAD /* view1 */,
			);
			path = view;
			sourceTree = "<group>";
		};
		C4F7DEFF2C00D733005C52BA /* models */ = {
			isa = PBXGroup;
			children = (
				C4F7DF002C00D745005C52BA /* TeamDetails.swift */,
			);
			path = models;
			sourceTree = "<group>";
		};
		C4F7DF022C00DA87005C52BA /* Services */ = {
			isa = PBXGroup;
			children = (
				C4F7DF032C00DAAA005C52BA /* TeamDetailsServices.swift */,
			);
			path = Services;
			sourceTree = "<group>";
		};
		C4F7DF052C00DB18005C52BA /* util */ = {
			isa = PBXGroup;
			children = (
				C4F7DF072C00DB3E005C52BA /* Constants.swift */,
			);
			path = util;
			sourceTree = "<group>";
		};
		C4F7DF092C00E229005C52BA /* viewModel */ = {
			isa = PBXGroup;
			children = (
				C4F7DF0A2C00E24A005C52BA /* TeamViewModel.swift */,
			);
			path = viewModel;
			sourceTree = "<group>";
		};
/* End PBXGroup section */

/* Begin PBXNativeTarget section */
		C4171F3A2BF8CAC000313062 /* SportsApp */ = {
			isa = PBXNativeTarget;
			buildConfigurationList = C4171F682BF8CAC200313062 /* Build configuration list for PBXNativeTarget "SportsApp" */;
			buildPhases = (
				C4171F372BF8CAC000313062 /* Sources */,
				C4171F382BF8CAC000313062 /* Frameworks */,
				C4171F392BF8CAC000313062 /* Resources */,
			);
			buildRules = (
			);
			dependencies = (
			);
			name = SportsApp;
			packageProductDependencies = (
				C4171F722BF8CAEB00313062 /* SDWebImage */,
				C4171F752BF8CB0400313062 /* Reachability */,
			);
			productName = SportsApp;
			productReference = C4171F3B2BF8CAC000313062 /* SportsApp.app */;
			productType = "com.apple.product-type.application";
		};
		C4171F532BF8CAC100313062 /* SportsAppTests */ = {
			isa = PBXNativeTarget;
			buildConfigurationList = C4171F6B2BF8CAC200313062 /* Build configuration list for PBXNativeTarget "SportsAppTests" */;
			buildPhases = (
				C4171F502BF8CAC100313062 /* Sources */,
				C4171F512BF8CAC100313062 /* Frameworks */,
				C4171F522BF8CAC100313062 /* Resources */,
			);
			buildRules = (
			);
			dependencies = (
				C4171F562BF8CAC100313062 /* PBXTargetDependency */,
			);
			name = SportsAppTests;
			productName = SportsAppTests;
			productReference = C4171F542BF8CAC100313062 /* SportsAppTests.xctest */;
			productType = "com.apple.product-type.bundle.unit-test";
		};
		C4171F5D2BF8CAC100313062 /* SportsAppUITests */ = {
			isa = PBXNativeTarget;
			buildConfigurationList = C4171F6E2BF8CAC200313062 /* Build configuration list for PBXNativeTarget "SportsAppUITests" */;
			buildPhases = (
				C4171F5A2BF8CAC100313062 /* Sources */,
				C4171F5B2BF8CAC100313062 /* Frameworks */,
				C4171F5C2BF8CAC100313062 /* Resources */,
			);
			buildRules = (
			);
			dependencies = (
				C4171F602BF8CAC200313062 /* PBXTargetDependency */,
			);
			name = SportsAppUITests;
			productName = SportsAppUITests;
			productReference = C4171F5E2BF8CAC200313062 /* SportsAppUITests.xctest */;
			productType = "com.apple.product-type.bundle.ui-testing";
		};
/* End PBXNativeTarget section */

/* Begin PBXProject section */
		C4171F332BF8CAC000313062 /* Project object */ = {
			isa = PBXProject;
			attributes = {
				BuildIndependentTargetsInParallel = 1;
				LastSwiftUpdateCheck = 1420;
				LastUpgradeCheck = 1420;
				TargetAttributes = {
					C4171F3A2BF8CAC000313062 = {
						CreatedOnToolsVersion = 14.2;
					};
					C4171F532BF8CAC100313062 = {
						CreatedOnToolsVersion = 14.2;
						TestTargetID = C4171F3A2BF8CAC000313062;
					};
					C4171F5D2BF8CAC100313062 = {
						CreatedOnToolsVersion = 14.2;
						TestTargetID = C4171F3A2BF8CAC000313062;
					};
				};
			};
			buildConfigurationList = C4171F362BF8CAC000313062 /* Build configuration list for PBXProject "SportsApp" */;
			compatibilityVersion = "Xcode 14.0";
			developmentRegion = en;
			hasScannedForEncodings = 0;
			knownRegions = (
				en,
				Base,
			);
			mainGroup = C4171F322BF8CAC000313062;
			packageReferences = (
				C4171F712BF8CAEB00313062 /* XCRemoteSwiftPackageReference "SDWebImage" */,
				C4171F742BF8CB0400313062 /* XCRemoteSwiftPackageReference "Reachability" */,
			);
			productRefGroup = C4171F3C2BF8CAC000313062 /* Products */;
			projectDirPath = "";
			projectRoot = "";
			targets = (
				C4171F3A2BF8CAC000313062 /* SportsApp */,
				C4171F532BF8CAC100313062 /* SportsAppTests */,
				C4171F5D2BF8CAC100313062 /* SportsAppUITests */,
			);
		};
/* End PBXProject section */

/* Begin PBXResourcesBuildPhase section */
		C4171F392BF8CAC000313062 /* Resources */ = {
			isa = PBXResourcesBuildPhase;
			buildActionMask = 2147483647;
			files = (
				C40D262C2BFE8A150001944A /* PlayersTableViewCell.xib in Resources */,
				C4171F4E2BF8CAC100313062 /* LaunchScreen.storyboard in Resources */,
				C4171F4B2BF8CAC100313062 /* Assets.xcassets in Resources */,
				C4171F792BF8CB3F00313062 /* Main2.storyboard in Resources */,
				C4171F462BF8CAC000313062 /* Main.storyboard in Resources */,
			);
			runOnlyForDeploymentPostprocessing = 0;
		};
		C4171F522BF8CAC100313062 /* Resources */ = {
			isa = PBXResourcesBuildPhase;
			buildActionMask = 2147483647;
			files = (
			);
			runOnlyForDeploymentPostprocessing = 0;
		};
		C4171F5C2BF8CAC100313062 /* Resources */ = {
			isa = PBXResourcesBuildPhase;
			buildActionMask = 2147483647;
			files = (
			);
			runOnlyForDeploymentPostprocessing = 0;
		};
/* End PBXResourcesBuildPhase section */

/* Begin PBXSourcesBuildPhase section */
		C4171F372BF8CAC000313062 /* Sources */ = {
			isa = PBXSourcesBuildPhase;
			buildActionMask = 2147483647;
			files = (
				C4171F432BF8CAC000313062 /* ViewController.swift in Sources */,
				C4F7DF012C00D745005C52BA /* TeamDetails.swift in Sources */,
				C40D262B2BFE8A150001944A /* PlayersTableViewCell.swift in Sources */,
				C4F7DF0B2C00E24A005C52BA /* TeamViewModel.swift in Sources */,
				C4171F3F2BF8CAC000313062 /* AppDelegate.swift in Sources */,
				C4171F492BF8CAC000313062 /* SportsApp.xcdatamodeld in Sources */,
				C4171F412BF8CAC000313062 /* SceneDelegate.swift in Sources */,
				C4F7DF082C00DB3E005C52BA /* Constants.swift in Sources */,
				C4F7DF042C00DAAA005C52BA /* TeamDetailsServices.swift in Sources */,
				C4B052022BFE0E64006C6AAD /* TeamViewController.swift in Sources */,
			);
			runOnlyForDeploymentPostprocessing = 0;
		};
		C4171F502BF8CAC100313062 /* Sources */ = {
			isa = PBXSourcesBuildPhase;
			buildActionMask = 2147483647;
			files = (
				C4171F592BF8CAC100313062 /* SportsAppTests.swift in Sources */,
			);
			runOnlyForDeploymentPostprocessing = 0;
		};
		C4171F5A2BF8CAC100313062 /* Sources */ = {
			isa = PBXSourcesBuildPhase;
			buildActionMask = 2147483647;
			files = (
				C4171F632BF8CAC200313062 /* SportsAppUITests.swift in Sources */,
				C4171F652BF8CAC200313062 /* SportsAppUITestsLaunchTests.swift in Sources */,
			);
			runOnlyForDeploymentPostprocessing = 0;
		};
/* End PBXSourcesBuildPhase section */

/* Begin PBXTargetDependency section */
		C4171F562BF8CAC100313062 /* PBXTargetDependency */ = {
			isa = PBXTargetDependency;
			target = C4171F3A2BF8CAC000313062 /* SportsApp */;
			targetProxy = C4171F552BF8CAC100313062 /* PBXContainerItemProxy */;
		};
		C4171F602BF8CAC200313062 /* PBXTargetDependency */ = {
			isa = PBXTargetDependency;
			target = C4171F3A2BF8CAC000313062 /* SportsApp */;
			targetProxy = C4171F5F2BF8CAC200313062 /* PBXContainerItemProxy */;
		};
/* End PBXTargetDependency section */

/* Begin PBXVariantGroup section */
		C4171F442BF8CAC000313062 /* Main.storyboard */ = {
			isa = PBXVariantGroup;
			children = (
				C4171F452BF8CAC000313062 /* Base */,
			);
			name = Main.storyboard;
			sourceTree = "<group>";
		};
		C4171F4C2BF8CAC100313062 /* LaunchScreen.storyboard */ = {
			isa = PBXVariantGroup;
			children = (
				C4171F4D2BF8CAC100313062 /* Base */,
			);
			name = LaunchScreen.storyboard;
			sourceTree = "<group>";
		};
/* End PBXVariantGroup section */

/* Begin XCBuildConfiguration section */
		C4171F662BF8CAC200313062 /* Debug */ = {
			isa = XCBuildConfiguration;
			buildSettings = {
				ALWAYS_SEARCH_USER_PATHS = NO;
				CLANG_ANALYZER_NONNULL = YES;
				CLANG_ANALYZER_NUMBER_OBJECT_CONVERSION = YES_AGGRESSIVE;
				CLANG_CXX_LANGUAGE_STANDARD = "gnu++20";
				CLANG_ENABLE_MODULES = YES;
				CLANG_ENABLE_OBJC_ARC = YES;
				CLANG_ENABLE_OBJC_WEAK = YES;
				CLANG_WARN_BLOCK_CAPTURE_AUTORELEASING = YES;
				CLANG_WARN_BOOL_CONVERSION = YES;
				CLANG_WARN_COMMA = YES;
				CLANG_WARN_CONSTANT_CONVERSION = YES;
				CLANG_WARN_DEPRECATED_OBJC_IMPLEMENTATIONS = YES;
				CLANG_WARN_DIRECT_OBJC_ISA_USAGE = YES_ERROR;
				CLANG_WARN_DOCUMENTATION_COMMENTS = YES;
				CLANG_WARN_EMPTY_BODY = YES;
				CLANG_WARN_ENUM_CONVERSION = YES;
				CLANG_WARN_INFINITE_RECURSION = YES;
				CLANG_WARN_INT_CONVERSION = YES;
				CLANG_WARN_NON_LITERAL_NULL_CONVERSION = YES;
				CLANG_WARN_OBJC_IMPLICIT_RETAIN_SELF = YES;
				CLANG_WARN_OBJC_LITERAL_CONVERSION = YES;
				CLANG_WARN_OBJC_ROOT_CLASS = YES_ERROR;
				CLANG_WARN_QUOTED_INCLUDE_IN_FRAMEWORK_HEADER = YES;
				CLANG_WARN_RANGE_LOOP_ANALYSIS = YES;
				CLANG_WARN_STRICT_PROTOTYPES = YES;
				CLANG_WARN_SUSPICIOUS_MOVE = YES;
				CLANG_WARN_UNGUARDED_AVAILABILITY = YES_AGGRESSIVE;
				CLANG_WARN_UNREACHABLE_CODE = YES;
				CLANG_WARN__DUPLICATE_METHOD_MATCH = YES;
				COPY_PHASE_STRIP = NO;
				DEBUG_INFORMATION_FORMAT = dwarf;
				ENABLE_STRICT_OBJC_MSGSEND = YES;
				ENABLE_TESTABILITY = YES;
				GCC_C_LANGUAGE_STANDARD = gnu11;
				GCC_DYNAMIC_NO_PIC = NO;
				GCC_NO_COMMON_BLOCKS = YES;
				GCC_OPTIMIZATION_LEVEL = 0;
				GCC_PREPROCESSOR_DEFINITIONS = (
					"DEBUG=1",
					"$(inherited)",
				);
				GCC_WARN_64_TO_32_BIT_CONVERSION = YES;
				GCC_WARN_ABOUT_RETURN_TYPE = YES_ERROR;
				GCC_WARN_UNDECLARED_SELECTOR = YES;
				GCC_WARN_UNINITIALIZED_AUTOS = YES_AGGRESSIVE;
				GCC_WARN_UNUSED_FUNCTION = YES;
				GCC_WARN_UNUSED_VARIABLE = YES;
				IPHONEOS_DEPLOYMENT_TARGET = 16.2;
				MTL_ENABLE_DEBUG_INFO = INCLUDE_SOURCE;
				MTL_FAST_MATH = YES;
				ONLY_ACTIVE_ARCH = YES;
				SDKROOT = iphoneos;
				SWIFT_ACTIVE_COMPILATION_CONDITIONS = DEBUG;
				SWIFT_OPTIMIZATION_LEVEL = "-Onone";
			};
			name = Debug;
		};
		C4171F672BF8CAC200313062 /* Release */ = {
			isa = XCBuildConfiguration;
			buildSettings = {
				ALWAYS_SEARCH_USER_PATHS = NO;
				CLANG_ANALYZER_NONNULL = YES;
				CLANG_ANALYZER_NUMBER_OBJECT_CONVERSION = YES_AGGRESSIVE;
				CLANG_CXX_LANGUAGE_STANDARD = "gnu++20";
				CLANG_ENABLE_MODULES = YES;
				CLANG_ENABLE_OBJC_ARC = YES;
				CLANG_ENABLE_OBJC_WEAK = YES;
				CLANG_WARN_BLOCK_CAPTURE_AUTORELEASING = YES;
				CLANG_WARN_BOOL_CONVERSION = YES;
				CLANG_WARN_COMMA = YES;
				CLANG_WARN_CONSTANT_CONVERSION = YES;
				CLANG_WARN_DEPRECATED_OBJC_IMPLEMENTATIONS = YES;
				CLANG_WARN_DIRECT_OBJC_ISA_USAGE = YES_ERROR;
				CLANG_WARN_DOCUMENTATION_COMMENTS = YES;
				CLANG_WARN_EMPTY_BODY = YES;
				CLANG_WARN_ENUM_CONVERSION = YES;
				CLANG_WARN_INFINITE_RECURSION = YES;
				CLANG_WARN_INT_CONVERSION = YES;
				CLANG_WARN_NON_LITERAL_NULL_CONVERSION = YES;
				CLANG_WARN_OBJC_IMPLICIT_RETAIN_SELF = YES;
				CLANG_WARN_OBJC_LITERAL_CONVERSION = YES;
				CLANG_WARN_OBJC_ROOT_CLASS = YES_ERROR;
				CLANG_WARN_QUOTED_INCLUDE_IN_FRAMEWORK_HEADER = YES;
				CLANG_WARN_RANGE_LOOP_ANALYSIS = YES;
				CLANG_WARN_STRICT_PROTOTYPES = YES;
				CLANG_WARN_SUSPICIOUS_MOVE = YES;
				CLANG_WARN_UNGUARDED_AVAILABILITY = YES_AGGRESSIVE;
				CLANG_WARN_UNREACHABLE_CODE = YES;
				CLANG_WARN__DUPLICATE_METHOD_MATCH = YES;
				COPY_PHASE_STRIP = NO;
				DEBUG_INFORMATION_FORMAT = "dwarf-with-dsym";
				ENABLE_NS_ASSERTIONS = NO;
				ENABLE_STRICT_OBJC_MSGSEND = YES;
				GCC_C_LANGUAGE_STANDARD = gnu11;
				GCC_NO_COMMON_BLOCKS = YES;
				GCC_WARN_64_TO_32_BIT_CONVERSION = YES;
				GCC_WARN_ABOUT_RETURN_TYPE = YES_ERROR;
				GCC_WARN_UNDECLARED_SELECTOR = YES;
				GCC_WARN_UNINITIALIZED_AUTOS = YES_AGGRESSIVE;
				GCC_WARN_UNUSED_FUNCTION = YES;
				GCC_WARN_UNUSED_VARIABLE = YES;
				IPHONEOS_DEPLOYMENT_TARGET = 16.2;
				MTL_ENABLE_DEBUG_INFO = NO;
				MTL_FAST_MATH = YES;
				SDKROOT = iphoneos;
				SWIFT_COMPILATION_MODE = wholemodule;
				SWIFT_OPTIMIZATION_LEVEL = "-O";
				VALIDATE_PRODUCT = YES;
			};
			name = Release;
		};
		C4171F692BF8CAC200313062 /* Debug */ = {
			isa = XCBuildConfiguration;
			buildSettings = {
				ASSETCATALOG_COMPILER_APPICON_NAME = AppIcon;
				ASSETCATALOG_COMPILER_GLOBAL_ACCENT_COLOR_NAME = AccentColor;
				CODE_SIGN_STYLE = Automatic;
				CURRENT_PROJECT_VERSION = 1;
				GENERATE_INFOPLIST_FILE = YES;
				INFOPLIST_FILE = SportsApp/Info.plist;
				INFOPLIST_KEY_UIApplicationSupportsIndirectInputEvents = YES;
				INFOPLIST_KEY_UILaunchStoryboardName = LaunchScreen;
				INFOPLIST_KEY_UIMainStoryboardFile = Main;
				INFOPLIST_KEY_UISupportedInterfaceOrientations_iPad = "UIInterfaceOrientationPortrait UIInterfaceOrientationPortraitUpsideDown UIInterfaceOrientationLandscapeLeft UIInterfaceOrientationLandscapeRight";
				INFOPLIST_KEY_UISupportedInterfaceOrientations_iPhone = "UIInterfaceOrientationPortrait UIInterfaceOrientationLandscapeLeft UIInterfaceOrientationLandscapeRight";
				LD_RUNPATH_SEARCH_PATHS = (
					"$(inherited)",
					"@executable_path/Frameworks",
				);
				MARKETING_VERSION = 1.0;
				PRODUCT_BUNDLE_IDENTIFIER = final.SportsApp;
				PRODUCT_NAME = "$(TARGET_NAME)";
				SWIFT_EMIT_LOC_STRINGS = YES;
				SWIFT_VERSION = 5.0;
				TARGETED_DEVICE_FAMILY = "1,2";
			};
			name = Debug;
		};
		C4171F6A2BF8CAC200313062 /* Release */ = {
			isa = XCBuildConfiguration;
			buildSettings = {
				ASSETCATALOG_COMPILER_APPICON_NAME = AppIcon;
				ASSETCATALOG_COMPILER_GLOBAL_ACCENT_COLOR_NAME = AccentColor;
				CODE_SIGN_STYLE = Automatic;
				CURRENT_PROJECT_VERSION = 1;
				GENERATE_INFOPLIST_FILE = YES;
				INFOPLIST_FILE = SportsApp/Info.plist;
				INFOPLIST_KEY_UIApplicationSupportsIndirectInputEvents = YES;
				INFOPLIST_KEY_UILaunchStoryboardName = LaunchScreen;
				INFOPLIST_KEY_UIMainStoryboardFile = Main;
				INFOPLIST_KEY_UISupportedInterfaceOrientations_iPad = "UIInterfaceOrientationPortrait UIInterfaceOrientationPortraitUpsideDown UIInterfaceOrientationLandscapeLeft UIInterfaceOrientationLandscapeRight";
				INFOPLIST_KEY_UISupportedInterfaceOrientations_iPhone = "UIInterfaceOrientationPortrait UIInterfaceOrientationLandscapeLeft UIInterfaceOrientationLandscapeRight";
				LD_RUNPATH_SEARCH_PATHS = (
					"$(inherited)",
					"@executable_path/Frameworks",
				);
				MARKETING_VERSION = 1.0;
				PRODUCT_BUNDLE_IDENTIFIER = final.SportsApp;
				PRODUCT_NAME = "$(TARGET_NAME)";
				SWIFT_EMIT_LOC_STRINGS = YES;
				SWIFT_VERSION = 5.0;
				TARGETED_DEVICE_FAMILY = "1,2";
			};
			name = Release;
		};
		C4171F6C2BF8CAC200313062 /* Debug */ = {
			isa = XCBuildConfiguration;
			buildSettings = {
				ALWAYS_EMBED_SWIFT_STANDARD_LIBRARIES = YES;
				BUNDLE_LOADER = "$(TEST_HOST)";
				CODE_SIGN_STYLE = Automatic;
				CURRENT_PROJECT_VERSION = 1;
				GENERATE_INFOPLIST_FILE = YES;
				IPHONEOS_DEPLOYMENT_TARGET = 16.2;
				MARKETING_VERSION = 1.0;
				PRODUCT_BUNDLE_IDENTIFIER = final.SportsAppTests;
				PRODUCT_NAME = "$(TARGET_NAME)";
				SWIFT_EMIT_LOC_STRINGS = NO;
				SWIFT_VERSION = 5.0;
				TARGETED_DEVICE_FAMILY = "1,2";
				TEST_HOST = "$(BUILT_PRODUCTS_DIR)/SportsApp.app/$(BUNDLE_EXECUTABLE_FOLDER_PATH)/SportsApp";
			};
			name = Debug;
		};
		C4171F6D2BF8CAC200313062 /* Release */ = {
			isa = XCBuildConfiguration;
			buildSettings = {
				ALWAYS_EMBED_SWIFT_STANDARD_LIBRARIES = YES;
				BUNDLE_LOADER = "$(TEST_HOST)";
				CODE_SIGN_STYLE = Automatic;
				CURRENT_PROJECT_VERSION = 1;
				GENERATE_INFOPLIST_FILE = YES;
				IPHONEOS_DEPLOYMENT_TARGET = 16.2;
				MARKETING_VERSION = 1.0;
				PRODUCT_BUNDLE_IDENTIFIER = final.SportsAppTests;
				PRODUCT_NAME = "$(TARGET_NAME)";
				SWIFT_EMIT_LOC_STRINGS = NO;
				SWIFT_VERSION = 5.0;
				TARGETED_DEVICE_FAMILY = "1,2";
				TEST_HOST = "$(BUILT_PRODUCTS_DIR)/SportsApp.app/$(BUNDLE_EXECUTABLE_FOLDER_PATH)/SportsApp";
			};
			name = Release;
		};
		C4171F6F2BF8CAC200313062 /* Debug */ = {
			isa = XCBuildConfiguration;
			buildSettings = {
				ALWAYS_EMBED_SWIFT_STANDARD_LIBRARIES = YES;
				CODE_SIGN_STYLE = Automatic;
				CURRENT_PROJECT_VERSION = 1;
				GENERATE_INFOPLIST_FILE = YES;
				MARKETING_VERSION = 1.0;
				PRODUCT_BUNDLE_IDENTIFIER = final.SportsAppUITests;
				PRODUCT_NAME = "$(TARGET_NAME)";
				SWIFT_EMIT_LOC_STRINGS = NO;
				SWIFT_VERSION = 5.0;
				TARGETED_DEVICE_FAMILY = "1,2";
				TEST_TARGET_NAME = SportsApp;
			};
			name = Debug;
		};
		C4171F702BF8CAC200313062 /* Release */ = {
			isa = XCBuildConfiguration;
			buildSettings = {
				ALWAYS_EMBED_SWIFT_STANDARD_LIBRARIES = YES;
				CODE_SIGN_STYLE = Automatic;
				CURRENT_PROJECT_VERSION = 1;
				GENERATE_INFOPLIST_FILE = YES;
				MARKETING_VERSION = 1.0;
				PRODUCT_BUNDLE_IDENTIFIER = final.SportsAppUITests;
				PRODUCT_NAME = "$(TARGET_NAME)";
				SWIFT_EMIT_LOC_STRINGS = NO;
				SWIFT_VERSION = 5.0;
				TARGETED_DEVICE_FAMILY = "1,2";
				TEST_TARGET_NAME = SportsApp;
			};
			name = Release;
		};
/* End XCBuildConfiguration section */

/* Begin XCConfigurationList section */
		C4171F362BF8CAC000313062 /* Build configuration list for PBXProject "SportsApp" */ = {
			isa = XCConfigurationList;
			buildConfigurations = (
				C4171F662BF8CAC200313062 /* Debug */,
				C4171F672BF8CAC200313062 /* Release */,
			);
			defaultConfigurationIsVisible = 0;
			defaultConfigurationName = Release;
		};
		C4171F682BF8CAC200313062 /* Build configuration list for PBXNativeTarget "SportsApp" */ = {
			isa = XCConfigurationList;
			buildConfigurations = (
				C4171F692BF8CAC200313062 /* Debug */,
				C4171F6A2BF8CAC200313062 /* Release */,
			);
			defaultConfigurationIsVisible = 0;
			defaultConfigurationName = Release;
		};
		C4171F6B2BF8CAC200313062 /* Build configuration list for PBXNativeTarget "SportsAppTests" */ = {
			isa = XCConfigurationList;
			buildConfigurations = (
				C4171F6C2BF8CAC200313062 /* Debug */,
				C4171F6D2BF8CAC200313062 /* Release */,
			);
			defaultConfigurationIsVisible = 0;
			defaultConfigurationName = Release;
		};
		C4171F6E2BF8CAC200313062 /* Build configuration list for PBXNativeTarget "SportsAppUITests" */ = {
			isa = XCConfigurationList;
			buildConfigurations = (
				C4171F6F2BF8CAC200313062 /* Debug */,
				C4171F702BF8CAC200313062 /* Release */,
			);
			defaultConfigurationIsVisible = 0;
			defaultConfigurationName = Release;
		};
/* End XCConfigurationList section */

/* Begin XCRemoteSwiftPackageReference section */
		C4171F712BF8CAEB00313062 /* XCRemoteSwiftPackageReference "SDWebImage" */ = {
			isa = XCRemoteSwiftPackageReference;
			repositoryURL = "https://github.com/SDWebImage/SDWebImage.git";
			requirement = {
				kind = upToNextMajorVersion;
				minimumVersion = 5.2.0;
			};
		};
		C4171F742BF8CB0400313062 /* XCRemoteSwiftPackageReference "Reachability" */ = {
			isa = XCRemoteSwiftPackageReference;
			repositoryURL = "https://github.com/ashleymills/Reachability.swift";
			requirement = {
				branch = master;
				kind = branch;
			};
		};
/* End XCRemoteSwiftPackageReference section */

/* Begin XCSwiftPackageProductDependency section */
		C4171F722BF8CAEB00313062 /* SDWebImage */ = {
			isa = XCSwiftPackageProductDependency;
			package = C4171F712BF8CAEB00313062 /* XCRemoteSwiftPackageReference "SDWebImage" */;
			productName = SDWebImage;
		};
		C4171F752BF8CB0400313062 /* Reachability */ = {
			isa = XCSwiftPackageProductDependency;
			package = C4171F742BF8CB0400313062 /* XCRemoteSwiftPackageReference "Reachability" */;
			productName = Reachability;
		};
/* End XCSwiftPackageProductDependency section */

/* Begin XCVersionGroup section */
		C4171F472BF8CAC000313062 /* SportsApp.xcdatamodeld */ = {
			isa = XCVersionGroup;
			children = (
				C4171F482BF8CAC000313062 /* SportsApp.xcdatamodel */,
			);
			currentVersion = C4171F482BF8CAC000313062 /* SportsApp.xcdatamodel */;
			path = SportsApp.xcdatamodeld;
			sourceTree = "<group>";
			versionGroupType = wrapper.xcdatamodel;
		};
/* End XCVersionGroup section */
	};
	rootObject = C4171F332BF8CAC000313062 /* Project object */;
}
